
Microsoft Visual Studio Solution File, Format Version 12.00
# Visual Studio Version 17
VisualStudioVersion = 17.9.34728.123
MinimumVisualStudioVersion = 10.0.40219.1
Project("{8BC9CEB8-8B4A-11D0-8D11-00A0C91BC942}") = "custom_combiners", "custom_combiners\custom_combiners.vcxproj", "{1225280E-8940-4633-8AA5-199F7CCC0FDA}"
EndProject
Project("{8BC9CEB8-8B4A-11D0-8D11-00A0C91BC942}") = "disconnect_and_block", "disconnect_and_block\disconnect_and_block.vcxproj", "{078FD9B1-A481-4097-86B1-4AF0BDA8C341}"
EndProject
Project("{8BC9CEB8-8B4A-11D0-8D11-00A0C91BC942}") = "doc_view", "doc_view\doc_view.vcxproj", "{89A29928-652E-40A8-9C29-30A92652F81F}"
EndProject
Project("{8BC9CEB8-8B4A-11D0-8D11-00A0C91BC942}") = "doc_view_acm", "doc_view_acm\doc_view_acm.vcxproj", "{C47F54F5-B319-4709-81CE-C4CF762E1A4A}"
EndProject
Project("{8BC9CEB8-8B4A-11D0-8D11-00A0C91BC942}") = "doc_view_acm_deconstruct", "doc_view_acm_deconstruct\doc_view_acm_deconstruct.vcxproj", "{50ABA0E3-C5E4-4978-A3E8-5701FEF5A16E}"
EndProject
Project("{8BC9CEB8-8B4A-11D0-8D11-00A0C91BC942}") = "extended_slot", "extended_slot\extended_slot.vcxproj", "{A5DC5692-3D1E-47B6-92F8-FFFC764592E3}"
EndProject
Project("{8BC9CEB8-8B4A-11D0-8D11-00A0C91BC942}") = "hello_world_multi_slot", "hello_world_multi_slot\hello_world_multi_slot.vcxproj", "{479988D2-D298-4F20-A270-22FFF4BC73F7}"
EndProject
Project("{8BC9CEB8-8B4A-11D0-8D11-00A0C91BC942}") = "hello_world_slot", "hello_world_slot\hello_world_slot.vcxproj", "{F5D03E6E-C4BF-455A-AA04-C7F1478497EC}"
EndProject
Project("{8BC9CEB8-8B4A-11D0-8D11-00A0C91BC942}") = "ordering_slots", "ordering_slots\ordering_slots.vcxproj", "{9B210819-922E-4497-B58F-B0021C9C95F7}"
EndProject
Project("{8BC9CEB8-8B4A-11D0-8D11-00A0C91BC942}") = "passing_slots", "passing_slots\passing_slots.vcxproj", "{91ACE0CE-2DEC-4302-9564-0DA0490ACED0}"
EndProject
Project("{8BC9CEB8-8B4A-11D0-8D11-00A0C91BC942}") = "postconstructor_ex1", "postconstructor_ex1\postconstructor_ex1.vcxproj", "{2985B632-CFE3-48C9-8B81-DA97690CFDF8}"
EndProject
Project("{8BC9CEB8-8B4A-11D0-8D11-00A0C91BC942}") = "postconstructor_ex2", "postconstructor_ex2\postconstructor_ex2.vcxproj", "{AAB428FB-2BDE-46D6-AE78-F0DF6062103B}"
EndProject
Project("{8BC9CEB8-8B4A-11D0-8D11-00A0C91BC942}") = "predestructor_example", "predestructor_example\predestructor_example.vcxproj", "{01095544-09BB-4F26-AAD3-80D1A12BEAB1}"
EndProject
Project("{8BC9CEB8-8B4A-11D0-8D11-00A0C91BC942}") = "signal_return_value", "signal_return_value\signal_return_value.vcxproj", "{7E8FF16F-1CA5-4B27-8B69-9CE4F5E137CA}"
EndProject
Project("{8BC9CEB8-8B4A-11D0-8D11-00A0C91BC942}") = "slot_arguments", "slot_arguments\slot_arguments.vcxproj", "{2C5EC318-1626-4443-9261-804DC8F2D3F1}"
EndProject
Project("{8BC9CEB8-8B4A-11D0-8D11-00A0C91BC942}") = "distribute_request", "distribute_request\distribute_request.vcxproj", "{6393E727-9DAC-458D-AE02-C4157CA771E4}"
EndProject
Project("{2150E333-8FDC-42A3-9474-1A3956D46DE8}") = "example", "example", "{B650731D-F805-46D0-B80B-D0BAD34E3247}"
EndProject
Project("{2150E333-8FDC-42A3-9474-1A3956D46DE8}") = "unit_test", "unit_test", "{040695C8-B8FE-4BE8-92BC-3774AE17439C}"
EndProject
Project("{8BC9CEB8-8B4A-11D0-8D11-00A0C91BC942}") = "connection_test", "connection_test\connection_test.vcxproj", "{66B8FB5C-6334-4BF3-8073-4A3B1E00E91B}"
EndProject
Project("{8BC9CEB8-8B4A-11D0-8D11-00A0C91BC942}") = "dead_slot_test", "dead_slot_test\dead_slot_test.vcxproj", "{DE0F877B-215D-4C1A-9F73-6D8F699600FA}"
EndProject
Project("{8BC9CEB8-8B4A-11D0-8D11-00A0C91BC942}") = "deadlock_regression_test", "deadlock_regression_test\deadlock_regression_test.vcxproj", "{172B11BA-89EE-4729-8F15-F9B473A955B9}"
EndProject
Project("{8BC9CEB8-8B4A-11D0-8D11-00A0C91BC942}") = "deconstruct_test", "deconstruct_test\deconstruct_test.vcxproj", "{1E2641B8-E3DB-4EF6-857A-8AD79B6F6EFB}"
EndProject
Project("{8BC9CEB8-8B4A-11D0-8D11-00A0C91BC942}") = "deletion_test", "deletion_test\deletion_test.vcxproj", "{B4A2FB15-78B5-4D24-89B3-54BB41A5C1DC}"
EndProject
Project("{8BC9CEB8-8B4A-11D0-8D11-00A0C91BC942}") = "invocation_benchmark", "invocation_benchmark\invocation_benchmark.vcxproj", "{00B8012D-AFD5-4CDB-8F63-484B44E4735C}"
EndProject
Project("{8BC9CEB8-8B4A-11D0-8D11-00A0C91BC942}") = "ordering_test", "ordering_test\ordering_test.vcxproj", "{9A4F23EA-6977-4A4F-935A-7EC9462BE6D7}"
EndProject
Project("{8BC9CEB8-8B4A-11D0-8D11-00A0C91BC942}") = "regression_test", "regression_test\regression_test.vcxproj", "{6344DFB9-EEBD-4847-9550-1A332C047E72}"
EndProject
Project("{8BC9CEB8-8B4A-11D0-8D11-00A0C91BC942}") = "shared_connection_block_test", "shared_connection_block_test\shared_connection_block_test.vcxproj", "{0F6779D7-87AC-46A7-AD93-BABE97EB4FF1}"
EndProject
Project("{8BC9CEB8-8B4A-11D0-8D11-00A0C91BC942}") = "signal_n_test", "signal_n_test\signal_n_test.vcxproj", "{80DBB280-D4F1-4286-9FED-B52AD8C6C0C2}"
EndProject
Project("{8BC9CEB8-8B4A-11D0-8D11-00A0C91BC942}") = "signal_test", "signal_test\signal_test.vcxproj", "{99F59ECE-75BE-4333-8F3B-8AE089D97776}"
EndProject
Project("{8BC9CEB8-8B4A-11D0-8D11-00A0C91BC942}") = "test", "test\test.vcxproj", "{1199B0DF-5D0A-45C7-8C91-AAAEFFD03888}"
EndProject
Project("{8BC9CEB8-8B4A-11D0-8D11-00A0C91BC942}") = "slot_compile_test", "slot_compile_test\slot_compile_test.vcxproj", "{B591E198-F859-4922-A177-4181E68B9BEC}"
EndProject
Project("{8BC9CEB8-8B4A-11D0-8D11-00A0C91BC942}") = "threading_models_test", "threading_models_test\threading_models_test.vcxproj", "{011C69F1-0605-4DD3-8338-27356FFDD5A7}"
EndProject
Project("{8BC9CEB8-8B4A-11D0-8D11-00A0C91BC942}") = "track_test", "track_test\track_test.vcxproj", "{1F6B3D7C-4B0A-4F37-8E38-1EC93D3B7F08}"
EndProject
Project("{8BC9CEB8-8B4A-11D0-8D11-00A0C91BC942}") = "trackable_test", "trackable_test\trackable_test.vcxproj", "{40F63FB0-D366-4E6B-9DFB-941E5D23759E}"
EndProject
Global
	GlobalSection(SolutionConfigurationPlatforms) = preSolution
		Debug|x64 = Debug|x64
		Debug|x86 = Debug|x86
		Release|x64 = Release|x64
		Release|x86 = Release|x86
	EndGlobalSection
	GlobalSection(ProjectConfigurationPlatforms) = postSolution
		{1225280E-8940-4633-8AA5-199F7CCC0FDA}.Debug|x64.ActiveCfg = Debug|x64
		{1225280E-8940-4633-8AA5-199F7CCC0FDA}.Debug|x64.Build.0 = Debug|x64
		{1225280E-8940-4633-8AA5-199F7CCC0FDA}.Debug|x86.ActiveCfg = Debug|Win32
		{1225280E-8940-4633-8AA5-199F7CCC0FDA}.Debug|x86.Build.0 = Debug|Win32
		{1225280E-8940-4633-8AA5-199F7CCC0FDA}.Release|x64.ActiveCfg = Release|x64
		{1225280E-8940-4633-8AA5-199F7CCC0FDA}.Release|x64.Build.0 = Release|x64
		{1225280E-8940-4633-8AA5-199F7CCC0FDA}.Release|x86.ActiveCfg = Release|Win32
		{1225280E-8940-4633-8AA5-199F7CCC0FDA}.Release|x86.Build.0 = Release|Win32
		{078FD9B1-A481-4097-86B1-4AF0BDA8C341}.Debug|x64.ActiveCfg = Debug|x64
		{078FD9B1-A481-4097-86B1-4AF0BDA8C341}.Debug|x64.Build.0 = Debug|x64
		{078FD9B1-A481-4097-86B1-4AF0BDA8C341}.Debug|x86.ActiveCfg = Debug|Win32
		{078FD9B1-A481-4097-86B1-4AF0BDA8C341}.Debug|x86.Build.0 = Debug|Win32
		{078FD9B1-A481-4097-86B1-4AF0BDA8C341}.Release|x64.ActiveCfg = Release|x64
		{078FD9B1-A481-4097-86B1-4AF0BDA8C341}.Release|x64.Build.0 = Release|x64
		{078FD9B1-A481-4097-86B1-4AF0BDA8C341}.Release|x86.ActiveCfg = Release|Win32
		{078FD9B1-A481-4097-86B1-4AF0BDA8C341}.Release|x86.Build.0 = Release|Win32
		{89A29928-652E-40A8-9C29-30A92652F81F}.Debug|x64.ActiveCfg = Debug|x64
		{89A29928-652E-40A8-9C29-30A92652F81F}.Debug|x64.Build.0 = Debug|x64
		{89A29928-652E-40A8-9C29-30A92652F81F}.Debug|x86.ActiveCfg = Debug|Win32
		{89A29928-652E-40A8-9C29-30A92652F81F}.Debug|x86.Build.0 = Debug|Win32
		{89A29928-652E-40A8-9C29-30A92652F81F}.Release|x64.ActiveCfg = Release|x64
		{89A29928-652E-40A8-9C29-30A92652F81F}.Release|x64.Build.0 = Release|x64
		{89A29928-652E-40A8-9C29-30A92652F81F}.Release|x86.ActiveCfg = Release|Win32
		{89A29928-652E-40A8-9C29-30A92652F81F}.Release|x86.Build.0 = Release|Win32
		{C47F54F5-B319-4709-81CE-C4CF762E1A4A}.Debug|x64.ActiveCfg = Debug|x64
		{C47F54F5-B319-4709-81CE-C4CF762E1A4A}.Debug|x64.Build.0 = Debug|x64
		{C47F54F5-B319-4709-81CE-C4CF762E1A4A}.Debug|x86.ActiveCfg = Debug|Win32
		{C47F54F5-B319-4709-81CE-C4CF762E1A4A}.Debug|x86.Build.0 = Debug|Win32
		{C47F54F5-B319-4709-81CE-C4CF762E1A4A}.Release|x64.ActiveCfg = Release|x64
		{C47F54F5-B319-4709-81CE-C4CF762E1A4A}.Release|x64.Build.0 = Release|x64
		{C47F54F5-B319-4709-81CE-C4CF762E1A4A}.Release|x86.ActiveCfg = Release|Win32
		{C47F54F5-B319-4709-81CE-C4CF762E1A4A}.Release|x86.Build.0 = Release|Win32
		{50ABA0E3-C5E4-4978-A3E8-5701FEF5A16E}.Debug|x64.ActiveCfg = Debug|x64
		{50ABA0E3-C5E4-4978-A3E8-5701FEF5A16E}.Debug|x64.Build.0 = Debug|x64
		{50ABA0E3-C5E4-4978-A3E8-5701FEF5A16E}.Debug|x86.ActiveCfg = Debug|Win32
		{50ABA0E3-C5E4-4978-A3E8-5701FEF5A16E}.Debug|x86.Build.0 = Debug|Win32
		{50ABA0E3-C5E4-4978-A3E8-5701FEF5A16E}.Release|x64.ActiveCfg = Release|x64
		{50ABA0E3-C5E4-4978-A3E8-5701FEF5A16E}.Release|x64.Build.0 = Release|x64
		{50ABA0E3-C5E4-4978-A3E8-5701FEF5A16E}.Release|x86.ActiveCfg = Release|Win32
		{50ABA0E3-C5E4-4978-A3E8-5701FEF5A16E}.Release|x86.Build.0 = Release|Win32
		{A5DC5692-3D1E-47B6-92F8-FFFC764592E3}.Debug|x64.ActiveCfg = Debug|x64
		{A5DC5692-3D1E-47B6-92F8-FFFC764592E3}.Debug|x64.Build.0 = Debug|x64
		{A5DC5692-3D1E-47B6-92F8-FFFC764592E3}.Debug|x86.ActiveCfg = Debug|Win32
		{A5DC5692-3D1E-47B6-92F8-FFFC764592E3}.Debug|x86.Build.0 = Debug|Win32
		{A5DC5692-3D1E-47B6-92F8-FFFC764592E3}.Release|x64.ActiveCfg = Release|x64
		{A5DC5692-3D1E-47B6-92F8-FFFC764592E3}.Release|x64.Build.0 = Release|x64
		{A5DC5692-3D1E-47B6-92F8-FFFC764592E3}.Release|x86.ActiveCfg = Release|Win32
		{A5DC5692-3D1E-47B6-92F8-FFFC764592E3}.Release|x86.Build.0 = Release|Win32
		{479988D2-D298-4F20-A270-22FFF4BC73F7}.Debug|x64.ActiveCfg = Debug|x64
		{479988D2-D298-4F20-A270-22FFF4BC73F7}.Debug|x64.Build.0 = Debug|x64
		{479988D2-D298-4F20-A270-22FFF4BC73F7}.Debug|x86.ActiveCfg = Debug|Win32
		{479988D2-D298-4F20-A270-22FFF4BC73F7}.Debug|x86.Build.0 = Debug|Win32
		{479988D2-D298-4F20-A270-22FFF4BC73F7}.Release|x64.ActiveCfg = Release|x64
		{479988D2-D298-4F20-A270-22FFF4BC73F7}.Release|x64.Build.0 = Release|x64
		{479988D2-D298-4F20-A270-22FFF4BC73F7}.Release|x86.ActiveCfg = Release|Win32
		{479988D2-D298-4F20-A270-22FFF4BC73F7}.Release|x86.Build.0 = Release|Win32
		{F5D03E6E-C4BF-455A-AA04-C7F1478497EC}.Debug|x64.ActiveCfg = Debug|x64
		{F5D03E6E-C4BF-455A-AA04-C7F1478497EC}.Debug|x64.Build.0 = Debug|x64
		{F5D03E6E-C4BF-455A-AA04-C7F1478497EC}.Debug|x86.ActiveCfg = Debug|Win32
		{F5D03E6E-C4BF-455A-AA04-C7F1478497EC}.Debug|x86.Build.0 = Debug|Win32
		{F5D03E6E-C4BF-455A-AA04-C7F1478497EC}.Release|x64.ActiveCfg = Release|x64
		{F5D03E6E-C4BF-455A-AA04-C7F1478497EC}.Release|x64.Build.0 = Release|x64
		{F5D03E6E-C4BF-455A-AA04-C7F1478497EC}.Release|x86.ActiveCfg = Release|Win32
		{F5D03E6E-C4BF-455A-AA04-C7F1478497EC}.Release|x86.Build.0 = Release|Win32
		{9B210819-922E-4497-B58F-B0021C9C95F7}.Debug|x64.ActiveCfg = Debug|x64
		{9B210819-922E-4497-B58F-B0021C9C95F7}.Debug|x64.Build.0 = Debug|x64
		{9B210819-922E-4497-B58F-B0021C9C95F7}.Debug|x86.ActiveCfg = Debug|Win32
		{9B210819-922E-4497-B58F-B0021C9C95F7}.Debug|x86.Build.0 = Debug|Win32
		{9B210819-922E-4497-B58F-B0021C9C95F7}.Release|x64.ActiveCfg = Release|x64
		{9B210819-922E-4497-B58F-B0021C9C95F7}.Release|x64.Build.0 = Release|x64
		{9B210819-922E-4497-B58F-B0021C9C95F7}.Release|x86.ActiveCfg = Release|Win32
		{9B210819-922E-4497-B58F-B0021C9C95F7}.Release|x86.Build.0 = Release|Win32
		{91ACE0CE-2DEC-4302-9564-0DA0490ACED0}.Debug|x64.ActiveCfg = Debug|x64
		{91ACE0CE-2DEC-4302-9564-0DA0490ACED0}.Debug|x64.Build.0 = Debug|x64
		{91ACE0CE-2DEC-4302-9564-0DA0490ACED0}.Debug|x86.ActiveCfg = Debug|Win32
		{91ACE0CE-2DEC-4302-9564-0DA0490ACED0}.Debug|x86.Build.0 = Debug|Win32
		{91ACE0CE-2DEC-4302-9564-0DA0490ACED0}.Release|x64.ActiveCfg = Release|x64
		{91ACE0CE-2DEC-4302-9564-0DA0490ACED0}.Release|x64.Build.0 = Release|x64
		{91ACE0CE-2DEC-4302-9564-0DA0490ACED0}.Release|x86.ActiveCfg = Release|Win32
		{91ACE0CE-2DEC-4302-9564-0DA0490ACED0}.Release|x86.Build.0 = Release|Win32
		{2985B632-CFE3-48C9-8B81-DA97690CFDF8}.Debug|x64.ActiveCfg = Debug|x64
		{2985B632-CFE3-48C9-8B81-DA97690CFDF8}.Debug|x64.Build.0 = Debug|x64
		{2985B632-CFE3-48C9-8B81-DA97690CFDF8}.Debug|x86.ActiveCfg = Debug|Win32
		{2985B632-CFE3-48C9-8B81-DA97690CFDF8}.Debug|x86.Build.0 = Debug|Win32
		{2985B632-CFE3-48C9-8B81-DA97690CFDF8}.Release|x64.ActiveCfg = Release|x64
		{2985B632-CFE3-48C9-8B81-DA97690CFDF8}.Release|x64.Build.0 = Release|x64
		{2985B632-CFE3-48C9-8B81-DA97690CFDF8}.Release|x86.ActiveCfg = Release|Win32
		{2985B632-CFE3-48C9-8B81-DA97690CFDF8}.Release|x86.Build.0 = Release|Win32
		{AAB428FB-2BDE-46D6-AE78-F0DF6062103B}.Debug|x64.ActiveCfg = Debug|x64
		{AAB428FB-2BDE-46D6-AE78-F0DF6062103B}.Debug|x64.Build.0 = Debug|x64
		{AAB428FB-2BDE-46D6-AE78-F0DF6062103B}.Debug|x86.ActiveCfg = Debug|Win32
		{AAB428FB-2BDE-46D6-AE78-F0DF6062103B}.Debug|x86.Build.0 = Debug|Win32
		{AAB428FB-2BDE-46D6-AE78-F0DF6062103B}.Release|x64.ActiveCfg = Release|x64
		{AAB428FB-2BDE-46D6-AE78-F0DF6062103B}.Release|x64.Build.0 = Release|x64
		{AAB428FB-2BDE-46D6-AE78-F0DF6062103B}.Release|x86.ActiveCfg = Release|Win32
		{AAB428FB-2BDE-46D6-AE78-F0DF6062103B}.Release|x86.Build.0 = Release|Win32
		{01095544-09BB-4F26-AAD3-80D1A12BEAB1}.Debug|x64.ActiveCfg = Debug|x64
		{01095544-09BB-4F26-AAD3-80D1A12BEAB1}.Debug|x64.Build.0 = Debug|x64
		{01095544-09BB-4F26-AAD3-80D1A12BEAB1}.Debug|x86.ActiveCfg = Debug|Win32
		{01095544-09BB-4F26-AAD3-80D1A12BEAB1}.Debug|x86.Build.0 = Debug|Win32
		{01095544-09BB-4F26-AAD3-80D1A12BEAB1}.Release|x64.ActiveCfg = Release|x64
		{01095544-09BB-4F26-AAD3-80D1A12BEAB1}.Release|x64.Build.0 = Release|x64
		{01095544-09BB-4F26-AAD3-80D1A12BEAB1}.Release|x86.ActiveCfg = Release|Win32
		{01095544-09BB-4F26-AAD3-80D1A12BEAB1}.Release|x86.Build.0 = Release|Win32
		{7E8FF16F-1CA5-4B27-8B69-9CE4F5E137CA}.Debug|x64.ActiveCfg = Debug|x64
		{7E8FF16F-1CA5-4B27-8B69-9CE4F5E137CA}.Debug|x64.Build.0 = Debug|x64
		{7E8FF16F-1CA5-4B27-8B69-9CE4F5E137CA}.Debug|x86.ActiveCfg = Debug|Win32
		{7E8FF16F-1CA5-4B27-8B69-9CE4F5E137CA}.Debug|x86.Build.0 = Debug|Win32
		{7E8FF16F-1CA5-4B27-8B69-9CE4F5E137CA}.Release|x64.ActiveCfg = Release|x64
		{7E8FF16F-1CA5-4B27-8B69-9CE4F5E137CA}.Release|x64.Build.0 = Release|x64
		{7E8FF16F-1CA5-4B27-8B69-9CE4F5E137CA}.Release|x86.ActiveCfg = Release|Win32
		{7E8FF16F-1CA5-4B27-8B69-9CE4F5E137CA}.Release|x86.Build.0 = Release|Win32
		{2C5EC318-1626-4443-9261-804DC8F2D3F1}.Debug|x64.ActiveCfg = Debug|x64
		{2C5EC318-1626-4443-9261-804DC8F2D3F1}.Debug|x64.Build.0 = Debug|x64
		{2C5EC318-1626-4443-9261-804DC8F2D3F1}.Debug|x86.ActiveCfg = Debug|Win32
		{2C5EC318-1626-4443-9261-804DC8F2D3F1}.Debug|x86.Build.0 = Debug|Win32
		{2C5EC318-1626-4443-9261-804DC8F2D3F1}.Release|x64.ActiveCfg = Release|x64
		{2C5EC318-1626-4443-9261-804DC8F2D3F1}.Release|x64.Build.0 = Release|x64
		{2C5EC318-1626-4443-9261-804DC8F2D3F1}.Release|x86.ActiveCfg = Release|Win32
		{2C5EC318-1626-4443-9261-804DC8F2D3F1}.Release|x86.Build.0 = Release|Win32
		{6393E727-9DAC-458D-AE02-C4157CA771E4}.Debug|x64.ActiveCfg = Debug|x64
		{6393E727-9DAC-458D-AE02-C4157CA771E4}.Debug|x64.Build.0 = Debug|x64
		{6393E727-9DAC-458D-AE02-C4157CA771E4}.Debug|x86.ActiveCfg = Debug|Win32
		{6393E727-9DAC-458D-AE02-C4157CA771E4}.Debug|x86.Build.0 = Debug|Win32
		{6393E727-9DAC-458D-AE02-C4157CA771E4}.Release|x64.ActiveCfg = Release|x64
		{6393E727-9DAC-458D-AE02-C4157CA771E4}.Release|x64.Build.0 = Release|x64
		{6393E727-9DAC-458D-AE02-C4157CA771E4}.Release|x86.ActiveCfg = Release|Win32
		{6393E727-9DAC-458D-AE02-C4157CA771E4}.Release|x86.Build.0 = Release|Win32
		{66B8FB5C-6334-4BF3-8073-4A3B1E00E91B}.Debug|x64.ActiveCfg = Debug|x64
		{66B8FB5C-6334-4BF3-8073-4A3B1E00E91B}.Debug|x64.Build.0 = Debug|x64
		{66B8FB5C-6334-4BF3-8073-4A3B1E00E91B}.Debug|x86.ActiveCfg = Debug|Win32
		{66B8FB5C-6334-4BF3-8073-4A3B1E00E91B}.Debug|x86.Build.0 = Debug|Win32
		{66B8FB5C-6334-4BF3-8073-4A3B1E00E91B}.Release|x64.ActiveCfg = Release|x64
		{66B8FB5C-6334-4BF3-8073-4A3B1E00E91B}.Release|x64.Build.0 = Release|x64
		{66B8FB5C-6334-4BF3-8073-4A3B1E00E91B}.Release|x86.ActiveCfg = Release|Win32
		{66B8FB5C-6334-4BF3-8073-4A3B1E00E91B}.Release|x86.Build.0 = Release|Win32
		{DE0F877B-215D-4C1A-9F73-6D8F699600FA}.Debug|x64.ActiveCfg = Debug|x64
		{DE0F877B-215D-4C1A-9F73-6D8F699600FA}.Debug|x64.Build.0 = Debug|x64
		{DE0F877B-215D-4C1A-9F73-6D8F699600FA}.Debug|x86.ActiveCfg = Debug|Win32
		{DE0F877B-215D-4C1A-9F73-6D8F699600FA}.Debug|x86.Build.0 = Debug|Win32
		{DE0F877B-215D-4C1A-9F73-6D8F699600FA}.Release|x64.ActiveCfg = Release|x64
		{DE0F877B-215D-4C1A-9F73-6D8F699600FA}.Release|x64.Build.0 = Release|x64
		{DE0F877B-215D-4C1A-9F73-6D8F699600FA}.Release|x86.ActiveCfg = Release|Win32
		{DE0F877B-215D-4C1A-9F73-6D8F699600FA}.Release|x86.Build.0 = Release|Win32
		{172B11BA-89EE-4729-8F15-F9B473A955B9}.Debug|x64.ActiveCfg = Debug|x64
		{172B11BA-89EE-4729-8F15-F9B473A955B9}.Debug|x64.Build.0 = Debug|x64
		{172B11BA-89EE-4729-8F15-F9B473A955B9}.Debug|x86.ActiveCfg = Debug|Win32
		{172B11BA-89EE-4729-8F15-F9B473A955B9}.Debug|x86.Build.0 = Debug|Win32
		{172B11BA-89EE-4729-8F15-F9B473A955B9}.Release|x64.ActiveCfg = Release|x64
		{172B11BA-89EE-4729-8F15-F9B473A955B9}.Release|x64.Build.0 = Release|x64
		{172B11BA-89EE-4729-8F15-F9B473A955B9}.Release|x86.ActiveCfg = Release|Win32
		{172B11BA-89EE-4729-8F15-F9B473A955B9}.Release|x86.Build.0 = Release|Win32
		{1E2641B8-E3DB-4EF6-857A-8AD79B6F6EFB}.Debug|x64.ActiveCfg = Debug|x64
		{1E2641B8-E3DB-4EF6-857A-8AD79B6F6EFB}.Debug|x64.Build.0 = Debug|x64
		{1E2641B8-E3DB-4EF6-857A-8AD79B6F6EFB}.Debug|x86.ActiveCfg = Debug|Win32
		{1E2641B8-E3DB-4EF6-857A-8AD79B6F6EFB}.Debug|x86.Build.0 = Debug|Win32
		{1E2641B8-E3DB-4EF6-857A-8AD79B6F6EFB}.Release|x64.ActiveCfg = Release|x64
		{1E2641B8-E3DB-4EF6-857A-8AD79B6F6EFB}.Release|x64.Build.0 = Release|x64
		{1E2641B8-E3DB-4EF6-857A-8AD79B6F6EFB}.Release|x86.ActiveCfg = Release|Win32
		{1E2641B8-E3DB-4EF6-857A-8AD79B6F6EFB}.Release|x86.Build.0 = Release|Win32
		{B4A2FB15-78B5-4D24-89B3-54BB41A5C1DC}.Debug|x64.ActiveCfg = Debug|x64
		{B4A2FB15-78B5-4D24-89B3-54BB41A5C1DC}.Debug|x64.Build.0 = Debug|x64
		{B4A2FB15-78B5-4D24-89B3-54BB41A5C1DC}.Debug|x86.ActiveCfg = Debug|Win32
		{B4A2FB15-78B5-4D24-89B3-54BB41A5C1DC}.Debug|x86.Build.0 = Debug|Win32
		{B4A2FB15-78B5-4D24-89B3-54BB41A5C1DC}.Release|x64.ActiveCfg = Release|x64
		{B4A2FB15-78B5-4D24-89B3-54BB41A5C1DC}.Release|x64.Build.0 = Release|x64
		{B4A2FB15-78B5-4D24-89B3-54BB41A5C1DC}.Release|x86.ActiveCfg = Release|Win32
		{B4A2FB15-78B5-4D24-89B3-54BB41A5C1DC}.Release|x86.Build.0 = Release|Win32
		{00B8012D-AFD5-4CDB-8F63-484B44E4735C}.Debug|x64.ActiveCfg = Debug|x64
		{00B8012D-AFD5-4CDB-8F63-484B44E4735C}.Debug|x64.Build.0 = Debug|x64
		{00B8012D-AFD5-4CDB-8F63-484B44E4735C}.Debug|x86.ActiveCfg = Debug|Win32
		{00B8012D-AFD5-4CDB-8F63-484B44E4735C}.Debug|x86.Build.0 = Debug|Win32
		{00B8012D-AFD5-4CDB-8F63-484B44E4735C}.Release|x64.ActiveCfg = Release|x64
		{00B8012D-AFD5-4CDB-8F63-484B44E4735C}.Release|x64.Build.0 = Release|x64
		{00B8012D-AFD5-4CDB-8F63-484B44E4735C}.Release|x86.ActiveCfg = Release|Win32
		{00B8012D-AFD5-4CDB-8F63-484B44E4735C}.Release|x86.Build.0 = Release|Win32
		{9A4F23EA-6977-4A4F-935A-7EC9462BE6D7}.Debug|x64.ActiveCfg = Debug|x64
		{9A4F23EA-6977-4A4F-935A-7EC9462BE6D7}.Debug|x64.Build.0 = Debug|x64
		{9A4F23EA-6977-4A4F-935A-7EC9462BE6D7}.Debug|x86.ActiveCfg = Debug|Win32
		{9A4F23EA-6977-4A4F-935A-7EC9462BE6D7}.Debug|x86.Build.0 = Debug|Win32
		{9A4F23EA-6977-4A4F-935A-7EC9462BE6D7}.Release|x64.ActiveCfg = Release|x64
		{9A4F23EA-6977-4A4F-935A-7EC9462BE6D7}.Release|x64.Build.0 = Release|x64
		{9A4F23EA-6977-4A4F-935A-7EC9462BE6D7}.Release|x86.ActiveCfg = Release|Win32
		{9A4F23EA-6977-4A4F-935A-7EC9462BE6D7}.Release|x86.Build.0 = Release|Win32
		{6344DFB9-EEBD-4847-9550-1A332C047E72}.Debug|x64.ActiveCfg = Debug|x64
		{6344DFB9-EEBD-4847-9550-1A332C047E72}.Debug|x64.Build.0 = Debug|x64
		{6344DFB9-EEBD-4847-9550-1A332C047E72}.Debug|x86.ActiveCfg = Debug|Win32
		{6344DFB9-EEBD-4847-9550-1A332C047E72}.Debug|x86.Build.0 = Debug|Win32
		{6344DFB9-EEBD-4847-9550-1A332C047E72}.Release|x64.ActiveCfg = Release|x64
		{6344DFB9-EEBD-4847-9550-1A332C047E72}.Release|x64.Build.0 = Release|x64
		{6344DFB9-EEBD-4847-9550-1A332C047E72}.Release|x86.ActiveCfg = Release|Win32
		{6344DFB9-EEBD-4847-9550-1A332C047E72}.Release|x86.Build.0 = Release|Win32
		{0F6779D7-87AC-46A7-AD93-BABE97EB4FF1}.Debug|x64.ActiveCfg = Debug|x64
		{0F6779D7-87AC-46A7-AD93-BABE97EB4FF1}.Debug|x64.Build.0 = Debug|x64
		{0F6779D7-87AC-46A7-AD93-BABE97EB4FF1}.Debug|x86.ActiveCfg = Debug|Win32
		{0F6779D7-87AC-46A7-AD93-BABE97EB4FF1}.Debug|x86.Build.0 = Debug|Win32
		{0F6779D7-87AC-46A7-AD93-BABE97EB4FF1}.Release|x64.ActiveCfg = Release|x64
		{0F6779D7-87AC-46A7-AD93-BABE97EB4FF1}.Release|x64.Build.0 = Release|x64
		{0F6779D7-87AC-46A7-AD93-BABE97EB4FF1}.Release|x86.ActiveCfg = Release|Win32
		{0F6779D7-87AC-46A7-AD93-BABE97EB4FF1}.Release|x86.Build.0 = Release|Win32
		{80DBB280-D4F1-4286-9FED-B52AD8C6C0C2}.Debug|x64.ActiveCfg = Debug|x64
		{80DBB280-D4F1-4286-9FED-B52AD8C6C0C2}.Debug|x64.Build.0 = Debug|x64
		{80DBB280-D4F1-4286-9FED-B52AD8C6C0C2}.Debug|x86.ActiveCfg = Debug|Win32
		{80DBB280-D4F1-4286-9FED-B52AD8C6C0C2}.Debug|x86.Build.0 = Debug|Win32
		{80DBB280-D4F1-4286-9FED-B52AD8C6C0C2}.Release|x64.ActiveCfg = Release|x64
		{80DBB280-D4F1-4286-9FED-B52AD8C6C0C2}.Release|x64.Build.0 = Release|x64
		{80DBB280-D4F1-4286-9FED-B52AD8C6C0C2}.Release|x86.ActiveCfg = Release|Win32
		{80DBB280-D4F1-4286-9FED-B52AD8C6C0C2}.Release|x86.Build.0 = Release|Win32
		{99F59ECE-75BE-4333-8F3B-8AE089D97776}.Debug|x64.ActiveCfg = Debug|x64
		{99F59ECE-75BE-4333-8F3B-8AE089D97776}.Debug|x64.Build.0 = Debug|x64
		{99F59ECE-75BE-4333-8F3B-8AE089D97776}.Debug|x86.ActiveCfg = Debug|Win32
		{99F59ECE-75BE-4333-8F3B-8AE089D97776}.Debug|x86.Build.0 = Debug|Win32
		{99F59ECE-75BE-4333-8F3B-8AE089D97776}.Release|x64.ActiveCfg = Release|x64
		{99F59ECE-75BE-4333-8F3B-8AE089D97776}.Release|x64.Build.0 = Release|x64
		{99F59ECE-75BE-4333-8F3B-8AE089D97776}.Release|x86.ActiveCfg = Release|Win32
		{99F59ECE-75BE-4333-8F3B-8AE089D97776}.Release|x86.Build.0 = Release|Win32
		{1199B0DF-5D0A-45C7-8C91-AAAEFFD03888}.Debug|x64.ActiveCfg = Debug|x64
		{1199B0DF-5D0A-45C7-8C91-AAAEFFD03888}.Debug|x64.Build.0 = Debug|x64
		{1199B0DF-5D0A-45C7-8C91-AAAEFFD03888}.Debug|x86.ActiveCfg = Debug|Win32
		{1199B0DF-5D0A-45C7-8C91-AAAEFFD03888}.Debug|x86.Build.0 = Debug|Win32
		{1199B0DF-5D0A-45C7-8C91-AAAEFFD03888}.Release|x64.ActiveCfg = Release|x64
		{1199B0DF-5D0A-45C7-8C91-AAAEFFD03888}.Release|x64.Build.0 = Release|x64
		{1199B0DF-5D0A-45C7-8C91-AAAEFFD03888}.Release|x86.ActiveCfg = Release|Win32
		{1199B0DF-5D0A-45C7-8C91-AAAEFFD03888}.Release|x86.Build.0 = Release|Win32
		{B591E198-F859-4922-A177-4181E68B9BEC}.Debug|x64.ActiveCfg = Debug|x64
		{B591E198-F859-4922-A177-4181E68B9BEC}.Debug|x64.Build.0 = Debug|x64
		{B591E198-F859-4922-A177-4181E68B9BEC}.Debug|x86.ActiveCfg = Debug|Win32
		{B591E198-F859-4922-A177-4181E68B9BEC}.Debug|x86.Build.0 = Debug|Win32
		{B591E198-F859-4922-A177-4181E68B9BEC}.Release|x64.ActiveCfg = Release|x64
		{B591E198-F859-4922-A177-4181E68B9BEC}.Release|x64.Build.0 = Release|x64
		{B591E198-F859-4922-A177-4181E68B9BEC}.Release|x86.ActiveCfg = Release|Win32
		{B591E198-F859-4922-A177-4181E68B9BEC}.Release|x86.Build.0 = Release|Win32
		{011C69F1-0605-4DD3-8338-27356FFDD5A7}.Debug|x64.ActiveCfg = Debug|x64
		{011C69F1-0605-4DD3-8338-27356FFDD5A7}.Debug|x64.Build.0 = Debug|x64
		{011C69F1-0605-4DD3-8338-27356FFDD5A7}.Debug|x86.ActiveCfg = Debug|Win32
		{011C69F1-0605-4DD3-8338-27356FFDD5A7}.Debug|x86.Build.0 = Debug|Win32
		{011C69F1-0605-4DD3-8338-27356FFDD5A7}.Release|x64.ActiveCfg = Release|x64
		{011C69F1-0605-4DD3-8338-27356FFDD5A7}.Release|x64.Build.0 = Release|x64
		{011C69F1-0605-4DD3-8338-27356FFDD5A7}.Release|x86.ActiveCfg = Release|Win32
		{011C69F1-0605-4DD3-8338-27356FFDD5A7}.Release|x86.Build.0 = Release|Win32
		{1F6B3D7C-4B0A-4F37-8E38-1EC93D3B7F08}.Debug|x64.ActiveCfg = Debug|x64
		{1F6B3D7C-4B0A-4F37-8E38-1EC93D3B7F08}.Debug|x64.Build.0 = Debug|x64
		{1F6B3D7C-4B0A-4F37-8E38-1EC93D3B7F08}.Debug|x86.ActiveCfg = Debug|Win32
		{1F6B3D7C-4B0A-4F37-8E38-1EC93D3B7F08}.Debug|x86.Build.0 = Debug|Win32
		{1F6B3D7C-4B0A-4F37-8E38-1EC93D3B7F08}.Release|x64.ActiveCfg = Release|x64
		{1F6B3D7C-4B0A-4F37-8E38-1EC93D3B7F08}.Release|x64.Build.0 = Release|x64
		{1F6B3D7C-4B0A-4F37-8E38-1EC93D3B7F08}.Release|x86.ActiveCfg = Release|Win32
		{1F6B3D7C-4B0A-4F37-8E38-1EC93D3B7F08}.Release|x86.Build.0 = Release|Win32
		{40F63FB0-D366-4E6B-9DFB-941E5D23759E}.Debug|x64.ActiveCfg = Debug|x64
		{40F63FB0-D366-4E6B-9DFB-941E5D23759E}.Debug|x64.Build.0 = Debug|x64
		{40F63FB0-D366-4E6B-9DFB-941E5D23759E}.Debug|x86.ActiveCfg = Debug|Win32
		{40F63FB0-D366-4E6B-9DFB-941E5D23759E}.Debug|x86.Build.0 = Debug|Win32
		{40F63FB0-D366-4E6B-9DFB-941E5D23759E}.Release|x64.ActiveCfg = Release|x64
		{40F63FB0-D366-4E6B-9DFB-941E5D23759E}.Release|x64.Build.0 = Release|x64
		{40F63FB0-D366-4E6B-9DFB-941E5D23759E}.Release|x86.ActiveCfg = Release|Win32
		{40F63FB0-D366-4E6B-9DFB-941E5D23759E}.Release|x86.Build.0 = Release|Win32
	EndGlobalSection
	GlobalSection(SolutionProperties) = preSolution
		HideSolutionNode = FALSE
	EndGlobalSection
	GlobalSection(NestedProjects) = preSolution
		{1225280E-8940-4633-8AA5-199F7CCC0FDA} = {B650731D-F805-46D0-B80B-D0BAD34E3247}
		{078FD9B1-A481-4097-86B1-4AF0BDA8C341} = {B650731D-F805-46D0-B80B-D0BAD34E3247}
		{89A29928-652E-40A8-9C29-30A92652F81F} = {B650731D-F805-46D0-B80B-D0BAD34E3247}
		{C47F54F5-B319-4709-81CE-C4CF762E1A4A} = {B650731D-F805-46D0-B80B-D0BAD34E3247}
		{50ABA0E3-C5E4-4978-A3E8-5701FEF5A16E} = {B650731D-F805-46D0-B80B-D0BAD34E3247}
		{A5DC5692-3D1E-47B6-92F8-FFFC764592E3} = {B650731D-F805-46D0-B80B-D0BAD34E3247}
		{479988D2-D298-4F20-A270-22FFF4BC73F7} = {B650731D-F805-46D0-B80B-D0BAD34E3247}
		{F5D03E6E-C4BF-455A-AA04-C7F1478497EC} = {B650731D-F805-46D0-B80B-D0BAD34E3247}
		{9B210819-922E-4497-B58F-B0021C9C95F7} = {B650731D-F805-46D0-B80B-D0BAD34E3247}
		{91ACE0CE-2DEC-4302-9564-0DA0490ACED0} = {B650731D-F805-46D0-B80B-D0BAD34E3247}
		{2985B632-CFE3-48C9-8B81-DA97690CFDF8} = {B650731D-F805-46D0-B80B-D0BAD34E3247}
		{AAB428FB-2BDE-46D6-AE78-F0DF6062103B} = {B650731D-F805-46D0-B80B-D0BAD34E3247}
		{01095544-09BB-4F26-AAD3-80D1A12BEAB1} = {B650731D-F805-46D0-B80B-D0BAD34E3247}
		{7E8FF16F-1CA5-4B27-8B69-9CE4F5E137CA} = {B650731D-F805-46D0-B80B-D0BAD34E3247}
		{2C5EC318-1626-4443-9261-804DC8F2D3F1} = {B650731D-F805-46D0-B80B-D0BAD34E3247}
		{6393E727-9DAC-458D-AE02-C4157CA771E4} = {B650731D-F805-46D0-B80B-D0BAD34E3247}
		{66B8FB5C-6334-4BF3-8073-4A3B1E00E91B} = {040695C8-B8FE-4BE8-92BC-3774AE17439C}
		{DE0F877B-215D-4C1A-9F73-6D8F699600FA} = {040695C8-B8FE-4BE8-92BC-3774AE17439C}
		{172B11BA-89EE-4729-8F15-F9B473A955B9} = {040695C8-B8FE-4BE8-92BC-3774AE17439C}
		{1E2641B8-E3DB-4EF6-857A-8AD79B6F6EFB} = {040695C8-B8FE-4BE8-92BC-3774AE17439C}
		{B4A2FB15-78B5-4D24-89B3-54BB41A5C1DC} = {040695C8-B8FE-4BE8-92BC-3774AE17439C}
		{00B8012D-AFD5-4CDB-8F63-484B44E4735C} = {040695C8-B8FE-4BE8-92BC-3774AE17439C}
		{9A4F23EA-6977-4A4F-935A-7EC9462BE6D7} = {040695C8-B8FE-4BE8-92BC-3774AE17439C}
		{6344DFB9-EEBD-4847-9550-1A332C047E72} = {040695C8-B8FE-4BE8-92BC-3774AE17439C}
		{0F6779D7-87AC-46A7-AD93-BABE97EB4FF1} = {040695C8-B8FE-4BE8-92BC-3774AE17439C}
		{80DBB280-D4F1-4286-9FED-B52AD8C6C0C2} = {040695C8-B8FE-4BE8-92BC-3774AE17439C}
		{99F59ECE-75BE-4333-8F3B-8AE089D97776} = {040695C8-B8FE-4BE8-92BC-3774AE17439C}
		{1199B0DF-5D0A-45C7-8C91-AAAEFFD03888} = {040695C8-B8FE-4BE8-92BC-3774AE17439C}
		{B591E198-F859-4922-A177-4181E68B9BEC} = {040695C8-B8FE-4BE8-92BC-3774AE17439C}
		{011C69F1-0605-4DD3-8338-27356FFDD5A7} = {040695C8-B8FE-4BE8-92BC-3774AE17439C}
		{1F6B3D7C-4B0A-4F37-8E38-1EC93D3B7F08} = {040695C8-B8FE-4BE8-92BC-3774AE17439C}
		{40F63FB0-D366-4E6B-9DFB-941E5D23759E} = {040695C8-B8FE-4BE8-92BC-3774AE17439C}
	EndGlobalSection
	GlobalSection(ExtensibilityGlobals) = postSolution
		SolutionGuid = {92FBDE70-E0C9-44D3-8203-472A3207296B}
	EndGlobalSection
EndGlobal
